// !$*UTF8*$!
{
	archiveVersion = 1;
	classes = {
	};
	objectVersion = 50;
	objects = {

/* Begin PBXBuildFile section */
		BB04FDC7244F85B900A80423 /* Choice.swift in Sources */ = {isa = PBXBuildFile; fileRef = BB04FDC6244F85B900A80423 /* Choice.swift */; };
		BB04FDC9244F91EE00A80423 /* Data.swift in Sources */ = {isa = PBXBuildFile; fileRef = BB04FDC8244F91EE00A80423 /* Data.swift */; };
		BBB1704F2452500A006A6377 /* Strings.swift in Sources */ = {isa = PBXBuildFile; fileRef = BBB1704E2452500A006A6377 /* Strings.swift */; };
		BBB170512452F028006A6377 /* Assets.xcassets in Resources */ = {isa = PBXBuildFile; fileRef = BBB170502452F028006A6377 /* Assets.xcassets */; };
		BBC7C5812424136300FE994B /* AppDelegate.swift in Sources */ = {isa = PBXBuildFile; fileRef = BBC7C5802424136300FE994B /* AppDelegate.swift */; };
		BBC7C5832424136300FE994B /* SceneDelegate.swift in Sources */ = {isa = PBXBuildFile; fileRef = BBC7C5822424136300FE994B /* SceneDelegate.swift */; };
		BBC7C5852424136300FE994B /* MainViewController.swift in Sources */ = {isa = PBXBuildFile; fileRef = BBC7C5842424136300FE994B /* MainViewController.swift */; };
		BBC7C5882424136300FE994B /* Main.storyboard in Resources */ = {isa = PBXBuildFile; fileRef = BBC7C5862424136300FE994B /* Main.storyboard */; };
		BBC7C58D2424136600FE994B /* LaunchScreen.storyboard in Resources */ = {isa = PBXBuildFile; fileRef = BBC7C58B2424136600FE994B /* LaunchScreen.storyboard */; };
		BBC7C59524252FF700FE994B /* DetailViewController.swift in Sources */ = {isa = PBXBuildFile; fileRef = BBC7C59424252FF700FE994B /* DetailViewController.swift */; };
		BBDA7F88243288AE00597EDB /* ResultViewController.swift in Sources */ = {isa = PBXBuildFile; fileRef = BBDA7F87243288AE00597EDB /* ResultViewController.swift */; };
/* End PBXBuildFile section */

/* Begin PBXFileReference section */
		BB04FDC6244F85B900A80423 /* Choice.swift */ = {isa = PBXFileReference; lastKnownFileType = sourcecode.swift; path = Choice.swift; sourceTree = "<group>"; };
		BB04FDC8244F91EE00A80423 /* Data.swift */ = {isa = PBXFileReference; lastKnownFileType = sourcecode.swift; path = Data.swift; sourceTree = "<group>"; };
		BBB1704E2452500A006A6377 /* Strings.swift */ = {isa = PBXFileReference; lastKnownFileType = sourcecode.swift; path = Strings.swift; sourceTree = "<group>"; };
		BBB170502452F028006A6377 /* Assets.xcassets */ = {isa = PBXFileReference; lastKnownFileType = folder.assetcatalog; path = Assets.xcassets; sourceTree = "<group>"; };
		BBC7C57D2424136300FE994B /* Caloriemeter.app */ = {isa = PBXFileReference; explicitFileType = wrapper.application; includeInIndex = 0; path = Caloriemeter.app; sourceTree = BUILT_PRODUCTS_DIR; };
		BBC7C5802424136300FE994B /* AppDelegate.swift */ = {isa = PBXFileReference; lastKnownFileType = sourcecode.swift; path = AppDelegate.swift; sourceTree = "<group>"; };
		BBC7C5822424136300FE994B /* SceneDelegate.swift */ = {isa = PBXFileReference; lastKnownFileType = sourcecode.swift; path = SceneDelegate.swift; sourceTree = "<group>"; };
		BBC7C5842424136300FE994B /* MainViewController.swift */ = {isa = PBXFileReference; lastKnownFileType = sourcecode.swift; path = MainViewController.swift; sourceTree = "<group>"; };
		BBC7C5872424136300FE994B /* Base */ = {isa = PBXFileReference; lastKnownFileType = file.storyboard; name = Base; path = Base.lproj/Main.storyboard; sourceTree = "<group>"; };
		BBC7C58C2424136600FE994B /* Base */ = {isa = PBXFileReference; lastKnownFileType = file.storyboard; name = Base; path = Base.lproj/LaunchScreen.storyboard; sourceTree = "<group>"; };
		BBC7C58E2424136600FE994B /* Info.plist */ = {isa = PBXFileReference; lastKnownFileType = text.plist.xml; path = Info.plist; sourceTree = "<group>"; };
		BBC7C59424252FF700FE994B /* DetailViewController.swift */ = {isa = PBXFileReference; lastKnownFileType = sourcecode.swift; path = DetailViewController.swift; sourceTree = "<group>"; };
		BBDA7F87243288AE00597EDB /* ResultViewController.swift */ = {isa = PBXFileReference; lastKnownFileType = sourcecode.swift; path = ResultViewController.swift; sourceTree = "<group>"; };
/* End PBXFileReference section */

/* Begin PBXFrameworksBuildPhase section */
		BBC7C57A2424136300FE994B /* Frameworks */ = {
			isa = PBXFrameworksBuildPhase;
			buildActionMask = 2147483647;
			files = (
			);
			runOnlyForDeploymentPostprocessing = 0;
		};
/* End PBXFrameworksBuildPhase section */

/* Begin PBXGroup section */
		BB04FDC3244E392A00A80423 /* Controller */ = {
			isa = PBXGroup;
			children = (
				BBC7C5842424136300FE994B /* MainViewController.swift */,
				BBC7C59424252FF700FE994B /* DetailViewController.swift */,
				BBDA7F87243288AE00597EDB /* ResultViewController.swift */,
			);
			path = Controller;
			sourceTree = "<group>";
		};
		BB04FDC4244E394100A80423 /* Model */ = {
			isa = PBXGroup;
			children = (
				BB04FDC6244F85B900A80423 /* Choice.swift */,
				BB04FDC8244F91EE00A80423 /* Data.swift */,
				BBB1704E2452500A006A6377 /* Strings.swift */,
			);
			path = Model;
			sourceTree = "<group>";
		};
		BB04FDC5244E394A00A80423 /* View */ = {
			isa = PBXGroup;
			children = (
				BBC7C5862424136300FE994B /* Main.storyboard */,
			);
			path = View;
			sourceTree = "<group>";
		};
		BBC7C5742424136300FE994B = {
			isa = PBXGroup;
			children = (
				BBC7C57F2424136300FE994B /* Caloriemeter */,
				BBC7C57E2424136300FE994B /* Products */,
			);
			sourceTree = "<group>";
		};
		BBC7C57E2424136300FE994B /* Products */ = {
			isa = PBXGroup;
			children = (
				BBC7C57D2424136300FE994B /* Caloriemeter.app */,
			);
			name = Products;
			sourceTree = "<group>";
		};
		BBC7C57F2424136300FE994B /* Caloriemeter */ = {
			isa = PBXGroup;
			children = (
				BB04FDC4244E394100A80423 /* Model */,
				BB04FDC3244E392A00A80423 /* Controller */,
				BB04FDC5244E394A00A80423 /* View */,
				BBC7C5802424136300FE994B /* AppDelegate.swift */,
				BBC7C5822424136300FE994B /* SceneDelegate.swift */,
				BBC7C58B2424136600FE994B /* LaunchScreen.storyboard */,
				BBC7C58E2424136600FE994B /* Info.plist */,
				BBB170502452F028006A6377 /* Assets.xcassets */,
			);
			path = Caloriemeter;
			sourceTree = "<group>";
		};
/* End PBXGroup section */

/* Begin PBXNativeTarget section */
		BBC7C57C2424136300FE994B /* Caloriemeter */ = {
			isa = PBXNativeTarget;
			buildConfigurationList = BBC7C5912424136600FE994B /* Build configuration list for PBXNativeTarget "Caloriemeter" */;
			buildPhases = (
				BBC7C5792424136300FE994B /* Sources */,
				BBC7C57A2424136300FE994B /* Frameworks */,
				BBC7C57B2424136300FE994B /* Resources */,
			);
			buildRules = (
			);
			dependencies = (
			);
			name = Caloriemeter;
			productName = Caloriemeter;
			productReference = BBC7C57D2424136300FE994B /* Caloriemeter.app */;
			productType = "com.apple.product-type.application";
		};
/* End PBXNativeTarget section */

/* Begin PBXProject section */
		BBC7C5752424136300FE994B /* Project object */ = {
			isa = PBXProject;
			attributes = {
				LastSwiftUpdateCheck = 1130;
				LastUpgradeCheck = 1130;
				ORGANIZATIONNAME = "Azar Aliyev";
				TargetAttributes = {
					BBC7C57C2424136300FE994B = {
						CreatedOnToolsVersion = 11.3.1;
					};
				};
			};
			buildConfigurationList = BBC7C5782424136300FE994B /* Build configuration list for PBXProject "Caloriemeter" */;
			compatibilityVersion = "Xcode 9.3";
			developmentRegion = en;
			hasScannedForEncodings = 0;
			knownRegions = (
				en,
				Base,
			);
			mainGroup = BBC7C5742424136300FE994B;
			productRefGroup = BBC7C57E2424136300FE994B /* Products */;
			projectDirPath = "";
			projectRoot = "";
			targets = (
				BBC7C57C2424136300FE994B /* Caloriemeter */,
			);
		};
/* End PBXProject section */

/* Begin PBXResourcesBuildPhase section */
		BBC7C57B2424136300FE994B /* Resources */ = {
			isa = PBXResourcesBuildPhase;
			buildActionMask = 2147483647;
			files = (
				BBC7C58D2424136600FE994B /* LaunchScreen.storyboard in Resources */,
				BBB170512452F028006A6377 /* Assets.xcassets in Resources */,
				BBC7C5882424136300FE994B /* Main.storyboard in Resources */,
			);
			runOnlyForDeploymentPostprocessing = 0;
		};
/* End PBXResourcesBuildPhase section */

/* Begin PBXSourcesBuildPhase section */
		BBC7C5792424136300FE994B /* Sources */ = {
			isa = PBXSourcesBuildPhase;
			buildActionMask = 2147483647;
			files = (
				BB04FDC9244F91EE00A80423 /* Data.swift in Sources */,
				BB04FDC7244F85B900A80423 /* Choice.swift in Sources */,
				BBB1704F2452500A006A6377 /* Strings.swift in Sources */,
				BBDA7F88243288AE00597EDB /* ResultViewController.swift in Sources */,
				BBC7C5852424136300FE994B /* MainViewController.swift in Sources */,
				BBC7C5812424136300FE994B /* AppDelegate.swift in Sources */,
				BBC7C5832424136300FE994B /* SceneDelegate.swift in Sources */,
				BBC7C59524252FF700FE994B /* DetailViewController.swift in Sources */,
			);
			runOnlyForDeploymentPostprocessing = 0;
		};
/* End PBXSourcesBuildPhase section */

/* Begin PBXVariantGroup section */
		BBC7C5862424136300FE994B /* Main.storyboard */ = {
			isa = PBXVariantGroup;
			children = (
				BBC7C5872424136300FE994B /* Base */,
			);
			name = Main.storyboard;
			sourceTree = "<group>";
		};
		BBC7C58B2424136600FE994B /* LaunchScreen.storyboard */ = {
			isa = PBXVariantGroup;
			children = (
				BBC7C58C2424136600FE994B /* Base */,
			);
			name = LaunchScreen.storyboard;
			sourceTree = "<group>";
		};
/* End PBXVariantGroup section */

/* Begin XCBuildConfiguration section */
		BBC7C58F2424136600FE994B /* Debug */ = {
			isa = XCBuildConfiguration;
			buildSettings = {
				ALWAYS_SEARCH_USER_PATHS = NO;
				CLANG_ANALYZER_NONNULL = YES;
				CLANG_ANALYZER_NUMBER_OBJECT_CONVERSION = YES_AGGRESSIVE;
				CLANG_CXX_LANGUAGE_STANDARD = "gnu++14";
				CLANG_CXX_LIBRARY = "libc++";
				CLANG_ENABLE_MODULES = YES;
				CLANG_ENABLE_OBJC_ARC = YES;
				CLANG_ENABLE_OBJC_WEAK = YES;
				CLANG_WARN_BLOCK_CAPTURE_AUTORELEASING = YES;
				CLANG_WARN_BOOL_CONVERSION = YES;
				CLANG_WARN_COMMA = YES;
				CLANG_WARN_CONSTANT_CONVERSION = YES;
				CLANG_WARN_DEPRECATED_OBJC_IMPLEMENTATIONS = YES;
				CLANG_WARN_DIRECT_OBJC_ISA_USAGE = YES_ERROR;
				CLANG_WARN_DOCUMENTATION_COMMENTS = YES;
				CLANG_WARN_EMPTY_BODY = YES;
				CLANG_WARN_ENUM_CONVERSION = YES;
				CLANG_WARN_INFINITE_RECURSION = YES;
				CLANG_WARN_INT_CONVERSION = YES;
				CLANG_WARN_NON_LITERAL_NULL_CONVERSION = YES;
				CLANG_WARN_OBJC_IMPLICIT_RETAIN_SELF = YES;
				CLANG_WARN_OBJC_LITERAL_CONVERSION = YES;
				CLANG_WARN_OBJC_ROOT_CLASS = YES_ERROR;
				CLANG_WARN_RANGE_LOOP_ANALYSIS = YES;
				CLANG_WARN_STRICT_PROTOTYPES = YES;
				CLANG_WARN_SUSPICIOUS_MOVE = YES;
				CLANG_WARN_UNGUARDED_AVAILABILITY = YES_AGGRESSIVE;
				CLANG_WARN_UNREACHABLE_CODE = YES;
				CLANG_WARN__DUPLICATE_METHOD_MATCH = YES;
				COPY_PHASE_STRIP = NO;
				DEBUG_INFORMATION_FORMAT = dwarf;
				ENABLE_STRICT_OBJC_MSGSEND = YES;
				ENABLE_TESTABILITY = YES;
				GCC_C_LANGUAGE_STANDARD = gnu11;
				GCC_DYNAMIC_NO_PIC = NO;
				GCC_NO_COMMON_BLOCKS = YES;
				GCC_OPTIMIZATION_LEVEL = 0;
				GCC_PREPROCESSOR_DEFINITIONS = (
					"DEBUG=1",
					"$(inherited)",
				);
				GCC_WARN_64_TO_32_BIT_CONVERSION = YES;
				GCC_WARN_ABOUT_RETURN_TYPE = YES_ERROR;
				GCC_WARN_UNDECLARED_SELECTOR = YES;
				GCC_WARN_UNINITIALIZED_AUTOS = YES_AGGRESSIVE;
				GCC_WARN_UNUSED_FUNCTION = YES;
				GCC_WARN_UNUSED_VARIABLE = YES;
				IPHONEOS_DEPLOYMENT_TARGET = 13.2;
				MTL_ENABLE_DEBUG_INFO = INCLUDE_SOURCE;
				MTL_FAST_MATH = YES;
				ONLY_ACTIVE_ARCH = YES;
				SDKROOT = iphoneos;
				SWIFT_ACTIVE_COMPILATION_CONDITIONS = DEBUG;
				SWIFT_OPTIMIZATION_LEVEL = "-Onone";
			};
			name = Debug;
		};
		BBC7C5902424136600FE994B /* Release */ = {
			isa = XCBuildConfiguration;
			buildSettings = {
				ALWAYS_SEARCH_USER_PATHS = NO;
				CLANG_ANALYZER_NONNULL = YES;
				CLANG_ANALYZER_NUMBER_OBJECT_CONVERSION = YES_AGGRESSIVE;
				CLANG_CXX_LANGUAGE_STANDARD = "gnu++14";
				CLANG_CXX_LIBRARY = "libc++";
				CLANG_ENABLE_MODULES = YES;
				CLANG_ENABLE_OBJC_ARC = YES;
				CLANG_ENABLE_OBJC_WEAK = YES;
				CLANG_WARN_BLOCK_CAPTURE_AUTORELEASING = YES;
				CLANG_WARN_BOOL_CONVERSION = YES;
				CLANG_WARN_COMMA = YES;
				CLANG_WARN_CONSTANT_CONVERSION = YES;
				CLANG_WARN_DEPRECATED_OBJC_IMPLEMENTATIONS = YES;
				CLANG_WARN_DIRECT_OBJC_ISA_USAGE = YES_ERROR;
				CLANG_WARN_DOCUMENTATION_COMMENTS = YES;
				CLANG_WARN_EMPTY_BODY = YES;
				CLANG_WARN_ENUM_CONVERSION = YES;
				CLANG_WARN_INFINITE_RECURSION = YES;
				CLANG_WARN_INT_CONVERSION = YES;
				CLANG_WARN_NON_LITERAL_NULL_CONVERSION = YES;
				CLANG_WARN_OBJC_IMPLICIT_RETAIN_SELF = YES;
				CLANG_WARN_OBJC_LITERAL_CONVERSION = YES;
				CLANG_WARN_OBJC_ROOT_CLASS = YES_ERROR;
				CLANG_WARN_RANGE_LOOP_ANALYSIS = YES;
				CLANG_WARN_STRICT_PROTOTYPES = YES;
				CLANG_WARN_SUSPICIOUS_MOVE = YES;
				CLANG_WARN_UNGUARDED_AVAILABILITY = YES_AGGRESSIVE;
				CLANG_WARN_UNREACHABLE_CODE = YES;
				CLANG_WARN__DUPLICATE_METHOD_MATCH = YES;
				COPY_PHASE_STRIP = NO;
				DEBUG_INFORMATION_FORMAT = "dwarf-with-dsym";
				ENABLE_NS_ASSERTIONS = NO;
				ENABLE_STRICT_OBJC_MSGSEND = YES;
				GCC_C_LANGUAGE_STANDARD = gnu11;
				GCC_NO_COMMON_BLOCKS = YES;
				GCC_WARN_64_TO_32_BIT_CONVERSION = YES;
				GCC_WARN_ABOUT_RETURN_TYPE = YES_ERROR;
				GCC_WARN_UNDECLARED_SELECTOR = YES;
				GCC_WARN_UNINITIALIZED_AUTOS = YES_AGGRESSIVE;
				GCC_WARN_UNUSED_FUNCTION = YES;
				GCC_WARN_UNUSED_VARIABLE = YES;
				IPHONEOS_DEPLOYMENT_TARGET = 13.2;
				MTL_ENABLE_DEBUG_INFO = NO;
				MTL_FAST_MATH = YES;
				SDKROOT = iphoneos;
				SWIFT_COMPILATION_MODE = wholemodule;
				SWIFT_OPTIMIZATION_LEVEL = "-O";
				VALIDATE_PRODUCT = YES;
			};
			name = Release;
		};
		BBC7C5922424136600FE994B /* Debug */ = {
			isa = XCBuildConfiguration;
			buildSettings = {
				ASSETCATALOG_COMPILER_APPICON_NAME = AppIcon;
				CODE_SIGN_STYLE = Automatic;
				DEVELOPMENT_TEAM = FL358K2BA4;
				INFOPLIST_FILE = Caloriemeter/Info.plist;
				LD_RUNPATH_SEARCH_PATHS = (
					"$(inherited)",
					"@executable_path/Frameworks",
				);
				PRODUCT_BUNDLE_IDENTIFIER = com.azaraliyev.Caloriemeter;
				PRODUCT_NAME = "$(TARGET_NAME)";
				SWIFT_VERSION = 5.0;
				TARGETED_DEVICE_FAMILY = "1,2";
			};
			name = Debug;
		};
		BBC7C5932424136600FE994B /* Release */ = {
			isa = XCBuildConfiguration;
			buildSettings = {
				ASSETCATALOG_COMPILER_APPICON_NAME = AppIcon;
				CODE_SIGN_STYLE = Automatic;
				DEVELOPMENT_TEAM = FL358K2BA4;
				INFOPLIST_FILE = Caloriemeter/Info.plist;
				LD_RUNPATH_SEARCH_PATHS = (
					"$(inherited)",
					"@executable_path/Frameworks",
				);
				PRODUCT_BUNDLE_IDENTIFIER = com.azaraliyev.Caloriemeter;
				PRODUCT_NAME = "$(TARGET_NAME)";
				SWIFT_VERSION = 5.0;
				TARGETED_DEVICE_FAMILY = "1,2";
			};
			name = Release;
		};
/* End XCBuildConfiguration section */

/* Begin XCConfigurationList section */
		BBC7C5782424136300FE994B /* Build configuration list for PBXProject "Caloriemeter" */ = {
			isa = XCConfigurationList;
			buildConfigurations = (
				BBC7C58F2424136600FE994B /* Debug */,
				BBC7C5902424136600FE994B /* Release */,
			);
			defaultConfigurationIsVisible = 0;
			defaultConfigurationName = Release;
		};
		BBC7C5912424136600FE994B /* Build configuration list for PBXNativeTarget "Caloriemeter" */ = {
			isa = XCConfigurationList;
			buildConfigurations = (
				BBC7C5922424136600FE994B /* Debug */,
				BBC7C5932424136600FE994B /* Release */,
			);
			defaultConfigurationIsVisible = 0;
			defaultConfigurationName = Release;
		};
/* End XCConfigurationList section */
	};
	rootObject = BBC7C5752424136300FE994B /* Project object */;
}
